
Microsoft Visual Studio Solution File, Format Version 12.00
# Visual Studio Version 17
VisualStudioVersion = 17.9.34607.119
MinimumVisualStudioVersion = 10.0.40219.1
Project("{FAE04EC0-301F-11D3-BF4B-00C04F79EFBC}") = "BulkyWeb", "Bulky\BulkyWeb.csproj", "{80CA2032-CF74-4ED1-A001-267E593D747C}"
EndProject
Global
	GlobalSection(SolutionConfigurationPlatforms) = preSolution
		Debug|Any CPU = Debug|Any CPU
		Release|Any CPU = Release|Any CPU
	EndGlobalSection
	GlobalSection(ProjectConfigurationPlatforms) = postSolution
		{80CA2032-CF74-4ED1-A001-267E593D747C}.Debug|Any CPU.ActiveCfg = Debug|Any CPU
		{80CA2032-CF74-4ED1-A001-267E593D747C}.Debug|Any CPU.Build.0 = Debug|Any CPU
		{80CA2032-CF74-4ED1-A001-267E593D747C}.Release|Any CPU.ActiveCfg = Release|Any CPU
		{80CA2032-CF74-4ED1-A001-267E593D747C}.Release|Any CPU.Build.0 = Release|Any CPU
	EndGlobalSection
	GlobalSection(SolutionProperties) = preSolution
		HideSolutionNode = FALSE
	EndGlobalSection
	GlobalSection(ExtensibilityGlobals) = postSolution
		SolutionGuid = {AD5C6F44-2029-40E6-92FE-B29A0AD07231}
	EndGlobalSection
EndGlobal
